// !$*UTF8*$!
{
	archiveVersion = 1;
	classes = {
	};
	objectVersion = 50;
	objects = {

/* Begin PBXBuildFile section */
		D92EF0A4221C9F7E008B92FA /* AppDelegate.swift in Sources */ = {isa = PBXBuildFile; fileRef = D92EF0A3221C9F7E008B92FA /* AppDelegate.swift */; };
		D92EF0A6221C9F7E008B92FA /* ViewController.swift in Sources */ = {isa = PBXBuildFile; fileRef = D92EF0A5221C9F7E008B92FA /* ViewController.swift */; };
		D92EF0A9221C9F7E008B92FA /* Main.storyboard in Resources */ = {isa = PBXBuildFile; fileRef = D92EF0A7221C9F7E008B92FA /* Main.storyboard */; };
		D92EF0AB221C9F80008B92FA /* Assets.xcassets in Resources */ = {isa = PBXBuildFile; fileRef = D92EF0AA221C9F80008B92FA /* Assets.xcassets */; };
		D92EF0AE221C9F80008B92FA /* LaunchScreen.storyboard in Resources */ = {isa = PBXBuildFile; fileRef = D92EF0AC221C9F80008B92FA /* LaunchScreen.storyboard */; };
		D9F36DE02228905E00CC16F5 /* AlertView.swift in Sources */ = {isa = PBXBuildFile; fileRef = D9F36DDF2228905E00CC16F5 /* AlertView.swift */; };
		D9F36DE2222896E000CC16F5 /* Model.swift in Sources */ = {isa = PBXBuildFile; fileRef = D9F36DE1222896DF00CC16F5 /* Model.swift */; };
/* End PBXBuildFile section */

/* Begin PBXFileReference section */
		D92EF0A0221C9F7E008B92FA /* RestTest.app */ = {isa = PBXFileReference; explicitFileType = wrapper.application; includeInIndex = 0; path = RestTest.app; sourceTree = BUILT_PRODUCTS_DIR; };
		D92EF0A3221C9F7E008B92FA /* AppDelegate.swift */ = {isa = PBXFileReference; lastKnownFileType = sourcecode.swift; path = AppDelegate.swift; sourceTree = "<group>"; };
		D92EF0A5221C9F7E008B92FA /* ViewController.swift */ = {isa = PBXFileReference; lastKnownFileType = sourcecode.swift; path = ViewController.swift; sourceTree = "<group>"; };
		D92EF0A8221C9F7E008B92FA /* Base */ = {isa = PBXFileReference; lastKnownFileType = file.storyboard; name = Base; path = Base.lproj/Main.storyboard; sourceTree = "<group>"; };
		D92EF0AA221C9F80008B92FA /* Assets.xcassets */ = {isa = PBXFileReference; lastKnownFileType = folder.assetcatalog; path = Assets.xcassets; sourceTree = "<group>"; };
		D92EF0AD221C9F80008B92FA /* Base */ = {isa = PBXFileReference; lastKnownFileType = file.storyboard; name = Base; path = Base.lproj/LaunchScreen.storyboard; sourceTree = "<group>"; };
		D92EF0AF221C9F80008B92FA /* Info.plist */ = {isa = PBXFileReference; lastKnownFileType = text.plist.xml; path = Info.plist; sourceTree = "<group>"; };
		D9F36DDF2228905E00CC16F5 /* AlertView.swift */ = {isa = PBXFileReference; lastKnownFileType = sourcecode.swift; path = AlertView.swift; sourceTree = "<group>"; };
		D9F36DE1222896DF00CC16F5 /* Model.swift */ = {isa = PBXFileReference; lastKnownFileType = sourcecode.swift; path = Model.swift; sourceTree = "<group>"; };
/* End PBXFileReference section */

/* Begin PBXFrameworksBuildPhase section */
		D92EF09D221C9F7E008B92FA /* Frameworks */ = {
			isa = PBXFrameworksBuildPhase;
			buildActionMask = 2147483647;
			files = (
			);
			runOnlyForDeploymentPostprocessing = 0;
		};
/* End PBXFrameworksBuildPhase section */

/* Begin PBXGroup section */
		D92EF097221C9F7E008B92FA = {
			isa = PBXGroup;
			children = (
				D92EF0A2221C9F7E008B92FA /* RestTest */,
				D92EF0A1221C9F7E008B92FA /* Products */,
			);
			sourceTree = "<group>";
		};
		D92EF0A1221C9F7E008B92FA /* Products */ = {
			isa = PBXGroup;
			children = (
				D92EF0A0221C9F7E008B92FA /* RestTest.app */,
			);
			name = Products;
			sourceTree = "<group>";
		};
		D92EF0A2221C9F7E008B92FA /* RestTest */ = {
			isa = PBXGroup;
			children = (
				D92EF0A3221C9F7E008B92FA /* AppDelegate.swift */,
				D92EF0A5221C9F7E008B92FA /* ViewController.swift */,
				D9F36DE1222896DF00CC16F5 /* Model.swift */,
				D9F36DDF2228905E00CC16F5 /* AlertView.swift */,
				D92EF0A7221C9F7E008B92FA /* Main.storyboard */,
				D92EF0AA221C9F80008B92FA /* Assets.xcassets */,
				D92EF0AC221C9F80008B92FA /* LaunchScreen.storyboard */,
				D92EF0AF221C9F80008B92FA /* Info.plist */,
			);
			path = RestTest;
			sourceTree = "<group>";
		};
/* End PBXGroup section */

/* Begin PBXNativeTarget section */
		D92EF09F221C9F7E008B92FA /* RestTest */ = {
			isa = PBXNativeTarget;
			buildConfigurationList = D92EF0B2221C9F80008B92FA /* Build configuration list for PBXNativeTarget "RestTest" */;
			buildPhases = (
				D92EF09C221C9F7E008B92FA /* Sources */,
				D92EF09D221C9F7E008B92FA /* Frameworks */,
				D92EF09E221C9F7E008B92FA /* Resources */,
			);
			buildRules = (
			);
			dependencies = (
			);
			name = RestTest;
			productName = RestTest;
			productReference = D92EF0A0221C9F7E008B92FA /* RestTest.app */;
			productType = "com.apple.product-type.application";
		};
/* End PBXNativeTarget section */

/* Begin PBXProject section */
		D92EF098221C9F7E008B92FA /* Project object */ = {
			isa = PBXProject;
			attributes = {
				LastSwiftUpdateCheck = 1010;
				LastUpgradeCheck = 1010;
				ORGANIZATIONNAME = "Тимур Кошевой";
				TargetAttributes = {
					D92EF09F221C9F7E008B92FA = {
						CreatedOnToolsVersion = 10.1;
					};
				};
			};
			buildConfigurationList = D92EF09B221C9F7E008B92FA /* Build configuration list for PBXProject "RestTest" */;
			compatibilityVersion = "Xcode 9.3";
			developmentRegion = en;
			hasScannedForEncodings = 0;
			knownRegions = (
				en,
				Base,
			);
			mainGroup = D92EF097221C9F7E008B92FA;
			productRefGroup = D92EF0A1221C9F7E008B92FA /* Products */;
			projectDirPath = "";
			projectRoot = "";
			targets = (
				D92EF09F221C9F7E008B92FA /* RestTest */,
			);
		};
/* End PBXProject section */

/* Begin PBXResourcesBuildPhase section */
		D92EF09E221C9F7E008B92FA /* Resources */ = {
			isa = PBXResourcesBuildPhase;
			buildActionMask = 2147483647;
			files = (
				D92EF0AE221C9F80008B92FA /* LaunchScreen.storyboard in Resources */,
				D92EF0AB221C9F80008B92FA /* Assets.xcassets in Resources */,
				D92EF0A9221C9F7E008B92FA /* Main.storyboard in Resources */,
			);
			runOnlyForDeploymentPostprocessing = 0;
		};
/* End PBXResourcesBuildPhase section */

/* Begin PBXSourcesBuildPhase section */
		D92EF09C221C9F7E008B92FA /* Sources */ = {
			isa = PBXSourcesBuildPhase;
			buildActionMask = 2147483647;
			files = (
				D92EF0A6221C9F7E008B92FA /* ViewController.swift in Sources */,
				D92EF0A4221C9F7E008B92FA /* AppDelegate.swift in Sources */,
				D9F36DE02228905E00CC16F5 /* AlertView.swift in Sources */,
				D9F36DE2222896E000CC16F5 /* Model.swift in Sources */,
			);
			runOnlyForDeploymentPostprocessing = 0;
		};
/* End PBXSourcesBuildPhase section */

/* Begin PBXVariantGroup section */
		D92EF0A7221C9F7E008B92FA /* Main.storyboard */ = {
			isa = PBXVariantGroup;
			children = (
				D92EF0A8221C9F7E008B92FA /* Base */,
			);
			name = Main.storyboard;
			sourceTree = "<group>";
		};
		D92EF0AC221C9F80008B92FA /* LaunchScreen.storyboard */ = {
			isa = PBXVariantGroup;
			children = (
				D92EF0AD221C9F80008B92FA /* Base */,
			);
			name = LaunchScreen.storyboard;
			sourceTree = "<group>";
		};
/* End PBXVariantGroup section */

/* Begin XCBuildConfiguration section */
		D92EF0B0221C9F80008B92FA /* Debug */ = {
			isa = XCBuildConfiguration;
			buildSettings = {
				ALWAYS_SEARCH_USER_PATHS = NO;
				CLANG_ANALYZER_NONNULL = YES;
				CLANG_ANALYZER_NUMBER_OBJECT_CONVERSION = YES_AGGRESSIVE;
				CLANG_CXX_LANGUAGE_STANDARD = "gnu++14";
				CLANG_CXX_LIBRARY = "libc++";
				CLANG_ENABLE_MODULES = YES;
				CLANG_ENABLE_OBJC_ARC = YES;
				CLANG_ENABLE_OBJC_WEAK = YES;
				CLANG_WARN_BLOCK_CAPTURE_AUTORELEASING = YES;
				CLANG_WARN_BOOL_CONVERSION = YES;
				CLANG_WARN_COMMA = YES;
				CLANG_WARN_CONSTANT_CONVERSION = YES;
				CLANG_WARN_DEPRECATED_OBJC_IMPLEMENTATIONS = YES;
				CLANG_WARN_DIRECT_OBJC_ISA_USAGE = YES_ERROR;
				CLANG_WARN_DOCUMENTATION_COMMENTS = YES;
				CLANG_WARN_EMPTY_BODY = YES;
				CLANG_WARN_ENUM_CONVERSION = YES;
				CLANG_WARN_INFINITE_RECURSION = YES;
				CLANG_WARN_INT_CONVERSION = YES;
				CLANG_WARN_NON_LITERAL_NULL_CONVERSION = YES;
				CLANG_WARN_OBJC_IMPLICIT_RETAIN_SELF = YES;
				CLANG_WARN_OBJC_LITERAL_CONVERSION = YES;
				CLANG_WARN_OBJC_ROOT_CLASS = YES_ERROR;
				CLANG_WARN_RANGE_LOOP_ANALYSIS = YES;
				CLANG_WARN_STRICT_PROTOTYPES = YES;
				CLANG_WARN_SUSPICIOUS_MOVE = YES;
				CLANG_WARN_UNGUARDED_AVAILABILITY = YES_AGGRESSIVE;
				CLANG_WARN_UNREACHABLE_CODE = YES;
				CLANG_WARN__DUPLICATE_METHOD_MATCH = YES;
				CODE_SIGN_IDENTITY = "iPhone Developer";
				COPY_PHASE_STRIP = NO;
				DEBUG_INFORMATION_FORMAT = dwarf;
				ENABLE_STRICT_OBJC_MSGSEND = YES;
				ENABLE_TESTABILITY = YES;
				GCC_C_LANGUAGE_STANDARD = gnu11;
				GCC_DYNAMIC_NO_PIC = NO;
				GCC_NO_COMMON_BLOCKS = YES;
				GCC_OPTIMIZATION_LEVEL = 0;
				GCC_PREPROCESSOR_DEFINITIONS = (
					"DEBUG=1",
					"$(inherited)",
				);
				GCC_WARN_64_TO_32_BIT_CONVERSION = YES;
				GCC_WARN_ABOUT_RETURN_TYPE = YES_ERROR;
				GCC_WARN_UNDECLARED_SELECTOR = YES;
				GCC_WARN_UNINITIALIZED_AUTOS = YES_AGGRESSIVE;
				GCC_WARN_UNUSED_FUNCTION = YES;
				GCC_WARN_UNUSED_VARIABLE = YES;
				IPHONEOS_DEPLOYMENT_TARGET = 12.1;
				MTL_ENABLE_DEBUG_INFO = INCLUDE_SOURCE;
				MTL_FAST_MATH = YES;
				ONLY_ACTIVE_ARCH = YES;
				SDKROOT = iphoneos;
				SWIFT_ACTIVE_COMPILATION_CONDITIONS = DEBUG;
				SWIFT_OPTIMIZATION_LEVEL = "-Onone";
			};
			name = Debug;
		};
		D92EF0B1221C9F80008B92FA /* Release */ = {
			isa = XCBuildConfiguration;
			buildSettings = {
				ALWAYS_SEARCH_USER_PATHS = NO;
				CLANG_ANALYZER_NONNULL = YES;
				CLANG_ANALYZER_NUMBER_OBJECT_CONVERSION = YES_AGGRESSIVE;
				CLANG_CXX_LANGUAGE_STANDARD = "gnu++14";
				CLANG_CXX_LIBRARY = "libc++";
				CLANG_ENABLE_MODULES = YES;
				CLANG_ENABLE_OBJC_ARC = YES;
				CLANG_ENABLE_OBJC_WEAK = YES;
				CLANG_WARN_BLOCK_CAPTURE_AUTORELEASING = YES;
				CLANG_WARN_BOOL_CONVERSION = YES;
				CLANG_WARN_COMMA = YES;
				CLANG_WARN_CONSTANT_CONVERSION = YES;
				CLANG_WARN_DEPRECATED_OBJC_IMPLEMENTATIONS = YES;
				CLANG_WARN_DIRECT_OBJC_ISA_USAGE = YES_ERROR;
				CLANG_WARN_DOCUMENTATION_COMMENTS = YES;
				CLANG_WARN_EMPTY_BODY = YES;
				CLANG_WARN_ENUM_CONVERSION = YES;
				CLANG_WARN_INFINITE_RECURSION = YES;
				CLANG_WARN_INT_CONVERSION = YES;
				CLANG_WARN_NON_LITERAL_NULL_CONVERSION = YES;
				CLANG_WARN_OBJC_IMPLICIT_RETAIN_SELF = YES;
				CLANG_WARN_OBJC_LITERAL_CONVERSION = YES;
				CLANG_WARN_OBJC_ROOT_CLASS = YES_ERROR;
				CLANG_WARN_RANGE_LOOP_ANALYSIS = YES;
				CLANG_WARN_STRICT_PROTOTYPES = YES;
				CLANG_WARN_SUSPICIOUS_MOVE = YES;
				CLANG_WARN_UNGUARDED_AVAILABILITY = YES_AGGRESSIVE;
				CLANG_WARN_UNREACHABLE_CODE = YES;
				CLANG_WARN__DUPLICATE_METHOD_MATCH = YES;
				CODE_SIGN_IDENTITY = "iPhone Developer";
				COPY_PHASE_STRIP = NO;
				DEBUG_INFORMATION_FORMAT = "dwarf-with-dsym";
				ENABLE_NS_ASSERTIONS = NO;
				ENABLE_STRICT_OBJC_MSGSEND = YES;
				GCC_C_LANGUAGE_STANDARD = gnu11;
				GCC_NO_COMMON_BLOCKS = YES;
				GCC_WARN_64_TO_32_BIT_CONVERSION = YES;
				GCC_WARN_ABOUT_RETURN_TYPE = YES_ERROR;
				GCC_WARN_UNDECLARED_SELECTOR = YES;
				GCC_WARN_UNINITIALIZED_AUTOS = YES_AGGRESSIVE;
				GCC_WARN_UNUSED_FUNCTION = YES;
				GCC_WARN_UNUSED_VARIABLE = YES;
				IPHONEOS_DEPLOYMENT_TARGET = 12.1;
				MTL_ENABLE_DEBUG_INFO = NO;
				MTL_FAST_MATH = YES;
				SDKROOT = iphoneos;
				SWIFT_COMPILATION_MODE = wholemodule;
				SWIFT_OPTIMIZATION_LEVEL = "-O";
				VALIDATE_PRODUCT = YES;
			};
			name = Release;
		};
		D92EF0B3221C9F80008B92FA /* Debug */ = {
			isa = XCBuildConfiguration;
			buildSettings = {
				ASSETCATALOG_COMPILER_APPICON_NAME = AppIcon;
				CODE_SIGN_STYLE = Automatic;
				DEVELOPMENT_TEAM = H9FL6Z93F8;
				INFOPLIST_FILE = RestTest/Info.plist;
				LD_RUNPATH_SEARCH_PATHS = (
					"$(inherited)",
					"@executable_path/Frameworks",
				);
				PRODUCT_BUNDLE_IDENTIFIER = com.timur.RestTest;
				PRODUCT_NAME = "$(TARGET_NAME)";
				SWIFT_VERSION = 4.2;
				TARGETED_DEVICE_FAMILY = "1,2";
			};
			name = Debug;
		};
		D92EF0B4221C9F80008B92FA /* Release */ = {
			isa = XCBuildConfiguration;
			buildSettings = {
				ASSETCATALOG_COMPILER_APPICON_NAME = AppIcon;
				CODE_SIGN_STYLE = Automatic;
				DEVELOPMENT_TEAM = H9FL6Z93F8;
				INFOPLIST_FILE = RestTest/Info.plist;
				LD_RUNPATH_SEARCH_PATHS = (
					"$(inherited)",
					"@executable_path/Frameworks",
				);
				PRODUCT_BUNDLE_IDENTIFIER = com.timur.RestTest;
				PRODUCT_NAME = "$(TARGET_NAME)";
				SWIFT_VERSION = 4.2;
				TARGETED_DEVICE_FAMILY = "1,2";
			};
			name = Release;
		};
/* End XCBuildConfiguration section */

/* Begin XCConfigurationList section */
		D92EF09B221C9F7E008B92FA /* Build configuration list for PBXProject "RestTest" */ = {
			isa = XCConfigurationList;
			buildConfigurations = (
				D92EF0B0221C9F80008B92FA /* Debug */,
				D92EF0B1221C9F80008B92FA /* Release */,
			);
			defaultConfigurationIsVisible = 0;
			defaultConfigurationName = Release;
		};
		D92EF0B2221C9F80008B92FA /* Build configuration list for PBXNativeTarget "RestTest" */ = {
			isa = XCConfigurationList;
			buildConfigurations = (
				D92EF0B3221C9F80008B92FA /* Debug */,
				D92EF0B4221C9F80008B92FA /* Release */,
			);
			defaultConfigurationIsVisible = 0;
			defaultConfigurationName = Release;
		};
/* End XCConfigurationList section */
	};
	rootObject = D92EF098221C9F7E008B92FA /* Project object */;
}
